
Microsoft Visual Studio Solution File, Format Version 12.00
# Visual Studio 15
VisualStudioVersion = 15.0.28307.779
MinimumVisualStudioVersion = 10.0.40219.1
Project("{8BC9CEB8-8B4A-11D0-8D11-00A0C91BC942}") = "Uplink", "uplink\src\Uplink.vcxproj", "{B212AE39-B67C-44FF-BD8B-B1E1C8AD799E}"
EndProject
Project("{8BC9CEB8-8B4A-11D0-8D11-00A0C91BC942}") = "Bungle", "lib\bungle\Bungle.vcxproj", "{4FAD1047-2942-4A33-8EF4-3E245F7BE21D}"
EndProject
Project("{8BC9CEB8-8B4A-11D0-8D11-00A0C91BC942}") = "Eclipse", "lib\eclipse\Eclipse.vcxproj", "{735CD5FA-2CC5-4B8D-A60D-FCA14D1DD8C2}"
EndProject
Project("{8BC9CEB8-8B4A-11D0-8D11-00A0C91BC942}") = "Gucci", "lib\gucci\Gucci.vcxproj", "{7E18A01E-4DA0-4C6A-AB42-6EC44853098F}"
EndProject
Project("{8BC9CEB8-8B4A-11D0-8D11-00A0C91BC942}") = "Redshirt", "lib\redshirt\Redshirt.vcxproj", "{377251CA-D5B9-4098-ABBF-DA437F84BF5B}"
EndProject
Project("{8BC9CEB8-8B4A-11D0-8D11-00A0C91BC942}") = "Soundgarden", "lib\soundgarden\Soundgarden.vcxproj", "{5DD449CE-19FF-43A0-B17C-D52B5655E214}"
EndProject
Project("{8BC9CEB8-8B4A-11D0-8D11-00A0C91BC942}") = "Tosser", "lib\tosser\Tosser.vcxproj", "{523207A8-06FE-482B-AB56-6183D8C48F84}"
EndProject
Project("{8BC9CEB8-8B4A-11D0-8D11-00A0C91BC942}") = "Vanbakel", "lib\vanbakel\Vanbakel.vcxproj", "{42249017-93D5-4566-AFAA-A4C368BA2CEA}"
EndProject
Project("{8BC9CEB8-8B4A-11D0-8D11-00A0C91BC942}") = "IRCLib", "contrib\irclib\IRCLib.vcxproj", "{934C5ED6-5329-4DA5-A92B-7CC3D32D4E0A}"
EndProject
Project("{8BC9CEB8-8B4A-11D0-8D11-00A0C91BC942}") = "mmgr", "lib\mmgr\mmgr.vcxproj", "{CA23E288-C296-4DAA-AE57-E4C3F7E15003}"
EndProject
Project("{8BC9CEB8-8B4A-11D0-8D11-00A0C91BC942}") = "Unrar", "contrib\unrar\Unrar.vcxproj", "{6516E247-BDAE-4F13-B0A5-14E634C22ED0}"
EndProject
Global
	GlobalSection(SolutionConfigurationPlatforms) = preSolution
		Debug|Any CPU = Debug|Any CPU
		Debug|Win32 = Debug|Win32
		Release|Any CPU = Release|Any CPU
		Release|Win32 = Release|Win32
	EndGlobalSection
	GlobalSection(ProjectConfigurationPlatforms) = postSolution
		{B212AE39-B67C-44FF-BD8B-B1E1C8AD799E}.Debug|Any CPU.ActiveCfg = Debug|Win32
		{B212AE39-B67C-44FF-BD8B-B1E1C8AD799E}.Debug|Win32.ActiveCfg = Debug|Win32
		{B212AE39-B67C-44FF-BD8B-B1E1C8AD799E}.Debug|Win32.Build.0 = Debug|Win32
		{B212AE39-B67C-44FF-BD8B-B1E1C8AD799E}.Release|Any CPU.ActiveCfg = Release|Win32
		{B212AE39-B67C-44FF-BD8B-B1E1C8AD799E}.Release|Win32.ActiveCfg = Release|Win32
		{B212AE39-B67C-44FF-BD8B-B1E1C8AD799E}.Release|Win32.Build.0 = Release|Win32
		{4FAD1047-2942-4A33-8EF4-3E245F7BE21D}.Debug|Any CPU.ActiveCfg = Debug|Win32
		{4FAD1047-2942-4A33-8EF4-3E245F7BE21D}.Debug|Win32.ActiveCfg = Debug|Win32
		{4FAD1047-2942-4A33-8EF4-3E245F7BE21D}.Debug|Win32.Build.0 = Debug|Win32
		{4FAD1047-2942-4A33-8EF4-3E245F7BE21D}.Release|Any CPU.ActiveCfg = Release|Win32
		{4FAD1047-2942-4A33-8EF4-3E245F7BE21D}.Release|Win32.ActiveCfg = Release|Win32
		{4FAD1047-2942-4A33-8EF4-3E245F7BE21D}.Release|Win32.Build.0 = Release|Win32
		{735CD5FA-2CC5-4B8D-A60D-FCA14D1DD8C2}.Debug|Any CPU.ActiveCfg = Debug|Win32
		{735CD5FA-2CC5-4B8D-A60D-FCA14D1DD8C2}.Debug|Win32.ActiveCfg = Debug|Win32
		{735CD5FA-2CC5-4B8D-A60D-FCA14D1DD8C2}.Debug|Win32.Build.0 = Debug|Win32
		{735CD5FA-2CC5-4B8D-A60D-FCA14D1DD8C2}.Release|Any CPU.ActiveCfg = Release|Win32
		{735CD5FA-2CC5-4B8D-A60D-FCA14D1DD8C2}.Release|Win32.ActiveCfg = Release|Win32
		{735CD5FA-2CC5-4B8D-A60D-FCA14D1DD8C2}.Release|Win32.Build.0 = Release|Win32
		{7E18A01E-4DA0-4C6A-AB42-6EC44853098F}.Debug|Any CPU.ActiveCfg = Debug|Win32
		{7E18A01E-4DA0-4C6A-AB42-6EC44853098F}.Debug|Win32.ActiveCfg = Debug|Win32
		{7E18A01E-4DA0-4C6A-AB42-6EC44853098F}.Debug|Win32.Build.0 = Debug|Win32
		{7E18A01E-4DA0-4C6A-AB42-6EC44853098F}.Release|Any CPU.ActiveCfg = Release|Win32
		{7E18A01E-4DA0-4C6A-AB42-6EC44853098F}.Release|Win32.ActiveCfg = Release|Win32
		{7E18A01E-4DA0-4C6A-AB42-6EC44853098F}.Release|Win32.Build.0 = Release|Win32
		{377251CA-D5B9-4098-ABBF-DA437F84BF5B}.Debug|Any CPU.ActiveCfg = Debug|Win32
		{377251CA-D5B9-4098-ABBF-DA437F84BF5B}.Debug|Win32.ActiveCfg = Debug|Win32
		{377251CA-D5B9-4098-ABBF-DA437F84BF5B}.Debug|Win32.Build.0 = Debug|Win32
		{377251CA-D5B9-4098-ABBF-DA437F84BF5B}.Release|Any CPU.ActiveCfg = Release|Win32
		{377251CA-D5B9-4098-ABBF-DA437F84BF5B}.Release|Win32.ActiveCfg = Release|Win32
		{377251CA-D5B9-4098-ABBF-DA437F84BF5B}.Release|Win32.Build.0 = Release|Win32
		{5DD449CE-19FF-43A0-B17C-D52B5655E214}.Debug|Any CPU.ActiveCfg = Debug|Win32
		{5DD449CE-19FF-43A0-B17C-D52B5655E214}.Debug|Win32.ActiveCfg = Debug|Win32
		{5DD449CE-19FF-43A0-B17C-D52B5655E214}.Debug|Win32.Build.0 = Debug|Win32
		{5DD449CE-19FF-43A0-B17C-D52B5655E214}.Release|Any CPU.ActiveCfg = Release|Win32
		{5DD449CE-19FF-43A0-B17C-D52B5655E214}.Release|Win32.ActiveCfg = Release|Win32
		{5DD449CE-19FF-43A0-B17C-D52B5655E214}.Release|Win32.Build.0 = Release|Win32
		{523207A8-06FE-482B-AB56-6183D8C48F84}.Debug|Any CPU.ActiveCfg = Debug|Win32
		{523207A8-06FE-482B-AB56-6183D8C48F84}.Debug|Win32.ActiveCfg = Debug|Win32
		{523207A8-06FE-482B-AB56-6183D8C48F84}.Debug|Win32.Build.0 = Debug|Win32
		{523207A8-06FE-482B-AB56-6183D8C48F84}.Release|Any CPU.ActiveCfg = Release|Win32
		{523207A8-06FE-482B-AB56-6183D8C48F84}.Release|Win32.ActiveCfg = Release|Win32
		{523207A8-06FE-482B-AB56-6183D8C48F84}.Release|Win32.Build.0 = Release|Win32
		{42249017-93D5-4566-AFAA-A4C368BA2CEA}.Debug|Any CPU.ActiveCfg = Debug|Win32
		{42249017-93D5-4566-AFAA-A4C368BA2CEA}.Debug|Win32.ActiveCfg = Debug|Win32
		{42249017-93D5-4566-AFAA-A4C368BA2CEA}.Debug|Win32.Build.0 = Debug|Win32
		{42249017-93D5-4566-AFAA-A4C368BA2CEA}.Release|Any CPU.ActiveCfg = Release|Win32
		{42249017-93D5-4566-AFAA-A4C368BA2CEA}.Release|Win32.ActiveCfg = Release|Win32
		{42249017-93D5-4566-AFAA-A4C368BA2CEA}.Release|Win32.Build.0 = Release|Win32
		{934C5ED6-5329-4DA5-A92B-7CC3D32D4E0A}.Debug|Any CPU.ActiveCfg = Debug|Win32
		{934C5ED6-5329-4DA5-A92B-7CC3D32D4E0A}.Debug|Win32.ActiveCfg = Debug|Win32
		{934C5ED6-5329-4DA5-A92B-7CC3D32D4E0A}.Debug|Win32.Build.0 = Debug|Win32
		{934C5ED6-5329-4DA5-A92B-7CC3D32D4E0A}.Release|Any CPU.ActiveCfg = Release|Win32
		{934C5ED6-5329-4DA5-A92B-7CC3D32D4E0A}.Release|Win32.ActiveCfg = Release|Win32
		{934C5ED6-5329-4DA5-A92B-7CC3D32D4E0A}.Release|Win32.Build.0 = Release|Win32
		{CA23E288-C296-4DAA-AE57-E4C3F7E15003}.Debug|Any CPU.ActiveCfg = Debug|Win32
		{CA23E288-C296-4DAA-AE57-E4C3F7E15003}.Debug|Win32.ActiveCfg = Debug|Win32
		{CA23E288-C296-4DAA-AE57-E4C3F7E15003}.Debug|Win32.Build.0 = Debug|Win32
		{CA23E288-C296-4DAA-AE57-E4C3F7E15003}.Release|Any CPU.ActiveCfg = Release|Win32
		{CA23E288-C296-4DAA-AE57-E4C3F7E15003}.Release|Win32.ActiveCfg = Release|Win32
		{CA23E288-C296-4DAA-AE57-E4C3F7E15003}.Release|Win32.Build.0 = Release|Win32
		{6516E247-BDAE-4F13-B0A5-14E634C22ED0}.Debug|Any CPU.ActiveCfg = Debug|Win32
		{6516E247-BDAE-4F13-B0A5-14E634C22ED0}.Debug|Win32.ActiveCfg = Debug|Win32
		{6516E247-BDAE-4F13-B0A5-14E634C22ED0}.Debug|Win32.Build.0 = Debug|Win32
		{6516E247-BDAE-4F13-B0A5-14E634C22ED0}.Release|Any CPU.ActiveCfg = Release|Win32
		{6516E247-BDAE-4F13-B0A5-14E634C22ED0}.Release|Win32.ActiveCfg = Release|Win32
		{6516E247-BDAE-4F13-B0A5-14E634C22ED0}.Release|Win32.Build.0 = Release|Win32
	EndGlobalSection
	GlobalSection(SolutionProperties) = preSolution
		HideSolutionNode = FALSE
	EndGlobalSection
	GlobalSection(ExtensibilityGlobals) = postSolution
		SolutionGuid = {11B32C94-EAE6-4129-9DC9-4C587F3650D3}
	EndGlobalSection
EndGlobal
