Microsoft Visual Studio Solution File, Format Version 12.00
# Visual Studio 15
Project("{8BC9CEB8-8B4A-11D0-8D11-00A0C91BC942}") = "ALL_BUILD", "ALL_BUILD.vcxproj", "{C522667E-6926-3B3F-A6FF-72FD3B1E5640}"
	ProjectSection(ProjectDependencies) = postProject
		{7D67D2B9-00D0-32B4-85A4-83090F799572} = {7D67D2B9-00D0-32B4-85A4-83090F799572}
		{6C721215-CD84-3E13-B146-F1E4335DA78D} = {6C721215-CD84-3E13-B146-F1E4335DA78D}
		{E757E948-817F-30EC-A312-518739C5211D} = {E757E948-817F-30EC-A312-518739C5211D}
		{847896DD-5573-384F-AEEE-75FE2FEC16A6} = {847896DD-5573-384F-AEEE-75FE2FEC16A6}
		{88605838-1846-3A05-A3D9-F43530663742} = {88605838-1846-3A05-A3D9-F43530663742}
		{40E73568-BEAD-335C-BC4F-4807CBE56FF7} = {40E73568-BEAD-335C-BC4F-4807CBE56FF7}
		{203E0AEB-703C-39B3-9725-A85575AF9ADE} = {203E0AEB-703C-39B3-9725-A85575AF9ADE}
		{A0876E83-0D2C-3151-B978-898A1C182AF8} = {A0876E83-0D2C-3151-B978-898A1C182AF8}
		{313ED39D-3728-3E57-9802-6644DF77C728} = {313ED39D-3728-3E57-9802-6644DF77C728}
		{861173F8-C34F-3FD0-8C35-179C4DD6D58E} = {861173F8-C34F-3FD0-8C35-179C4DD6D58E}
		{FA632B86-7F82-3E0B-A590-E962E7C4C339} = {FA632B86-7F82-3E0B-A590-E962E7C4C339}
		{2416FA6C-EF49-3C9B-8F78-32B92E99E921} = {2416FA6C-EF49-3C9B-8F78-32B92E99E921}
		{71F7D6A4-18B0-30D4-9F59-D941877A64E6} = {71F7D6A4-18B0-30D4-9F59-D941877A64E6}
		{5E39A5D8-0FA9-3575-81FC-C075524C79EE} = {5E39A5D8-0FA9-3575-81FC-C075524C79EE}
		{B71625E6-FB52-33F7-8065-D400ECF1E246} = {B71625E6-FB52-33F7-8065-D400ECF1E246}
		{86B24D85-A4FD-385F-B68E-296097E86D0A} = {86B24D85-A4FD-385F-B68E-296097E86D0A}
		{ED3DE6A1-0579-3DEE-9043-9065E9CF66A7} = {ED3DE6A1-0579-3DEE-9043-9065E9CF66A7}
		{24372E6E-55E7-36A5-B948-ECFF4023D116} = {24372E6E-55E7-36A5-B948-ECFF4023D116}
		{7E240944-B520-3BD5-9C72-69A770B36A82} = {7E240944-B520-3BD5-9C72-69A770B36A82}
		{00BEE7E1-6FEC-3461-85FD-89E18A65808C} = {00BEE7E1-6FEC-3461-85FD-89E18A65808C}
		{4AE0A087-6DEB-32FB-AB80-3BD856B4CE44} = {4AE0A087-6DEB-32FB-AB80-3BD856B4CE44}
		{658B0BB1-30FF-30D9-96AB-1760266930DA} = {658B0BB1-30FF-30D9-96AB-1760266930DA}
		{D7FEEC76-CBD5-3985-AF6A-D02FCE8A04E7} = {D7FEEC76-CBD5-3985-AF6A-D02FCE8A04E7}
		{6CD777A3-3DEF-37B8-8F93-918B8D72FB36} = {6CD777A3-3DEF-37B8-8F93-918B8D72FB36}
		{59AD873D-883E-3571-9DD9-A105CA56764E} = {59AD873D-883E-3571-9DD9-A105CA56764E}
		{AF0FAF6B-A8AF-3FCB-B14E-FF0C4C4E0012} = {AF0FAF6B-A8AF-3FCB-B14E-FF0C4C4E0012}
		{66A81AD9-5686-3BD5-ADA6-3FAA5AA2777C} = {66A81AD9-5686-3BD5-ADA6-3FAA5AA2777C}
		{0248FB86-2271-314A-811C-1B4392FA67FC} = {0248FB86-2271-314A-811C-1B4392FA67FC}
		{DC117879-2A4C-3FBF-8751-F076AD97CDD0} = {DC117879-2A4C-3FBF-8751-F076AD97CDD0}
		{AE00B9ED-7E2D-3DC6-AF7A-DDFB14F67430} = {AE00B9ED-7E2D-3DC6-AF7A-DDFB14F67430}
		{1677F876-0A2B-3269-BF24-D202E93B669D} = {1677F876-0A2B-3269-BF24-D202E93B669D}
		{CC61CC18-CD3E-3706-868A-C241598FEC55} = {CC61CC18-CD3E-3706-868A-C241598FEC55}
		{2B715ADB-77E7-339F-ABDD-B539A966D5B9} = {2B715ADB-77E7-339F-ABDD-B539A966D5B9}
		{658C9856-1EA4-3D32-BE18-F458918B6DE2} = {658C9856-1EA4-3D32-BE18-F458918B6DE2}
		{07FFE2A3-FD63-3975-BD80-3268E5722A58} = {07FFE2A3-FD63-3975-BD80-3268E5722A58}
		{7096949D-458E-3671-AD90-F964673A5DD4} = {7096949D-458E-3671-AD90-F964673A5DD4}
	EndProjectSection
EndProject
Project("{8BC9CEB8-8B4A-11D0-8D11-00A0C91BC942}") = "INSTALL", "INSTALL.vcxproj", "{B431D815-970D-3EF9-A9DE-754A0B205DB8}"
	ProjectSection(ProjectDependencies) = postProject
		{C522667E-6926-3B3F-A6FF-72FD3B1E5640} = {C522667E-6926-3B3F-A6FF-72FD3B1E5640}
		{7D67D2B9-00D0-32B4-85A4-83090F799572} = {7D67D2B9-00D0-32B4-85A4-83090F799572}
	EndProjectSection
EndProject
Project("{8BC9CEB8-8B4A-11D0-8D11-00A0C91BC942}") = "RUN_TESTS", "RUN_TESTS.vcxproj", "{CA78FF85-A071-3136-A11A-1C7C23157280}"
	ProjectSection(ProjectDependencies) = postProject
		{7D67D2B9-00D0-32B4-85A4-83090F799572} = {7D67D2B9-00D0-32B4-85A4-83090F799572}
	EndProjectSection
EndProject
Project("{8BC9CEB8-8B4A-11D0-8D11-00A0C91BC942}") = "ZERO_CHECK", "ZERO_CHECK.vcxproj", "{7D67D2B9-00D0-32B4-85A4-83090F799572}"
	ProjectSection(ProjectDependencies) = postProject
	EndProjectSection
EndProject
Project("{8BC9CEB8-8B4A-11D0-8D11-00A0C91BC942}") = "addtiffo", "contrib\addtiffo\addtiffo.vcxproj", "{6C721215-CD84-3E13-B146-F1E4335DA78D}"
	ProjectSection(ProjectDependencies) = postProject
		{7D67D2B9-00D0-32B4-85A4-83090F799572} = {7D67D2B9-00D0-32B4-85A4-83090F799572}
		{861173F8-C34F-3FD0-8C35-179C4DD6D58E} = {861173F8-C34F-3FD0-8C35-179C4DD6D58E}
		{24372E6E-55E7-36A5-B948-ECFF4023D116} = {24372E6E-55E7-36A5-B948-ECFF4023D116}
	EndProjectSection
EndProject
Project("{8BC9CEB8-8B4A-11D0-8D11-00A0C91BC942}") = "ascii_tag", "test\ascii_tag.vcxproj", "{E757E948-817F-30EC-A312-518739C5211D}"
	ProjectSection(ProjectDependencies) = postProject
		{7D67D2B9-00D0-32B4-85A4-83090F799572} = {7D67D2B9-00D0-32B4-85A4-83090F799572}
		{861173F8-C34F-3FD0-8C35-179C4DD6D58E} = {861173F8-C34F-3FD0-8C35-179C4DD6D58E}
		{24372E6E-55E7-36A5-B948-ECFF4023D116} = {24372E6E-55E7-36A5-B948-ECFF4023D116}
	EndProjectSection
EndProject
Project("{8BC9CEB8-8B4A-11D0-8D11-00A0C91BC942}") = "custom_dir", "test\custom_dir.vcxproj", "{847896DD-5573-384F-AEEE-75FE2FEC16A6}"
	ProjectSection(ProjectDependencies) = postProject
		{7D67D2B9-00D0-32B4-85A4-83090F799572} = {7D67D2B9-00D0-32B4-85A4-83090F799572}
		{861173F8-C34F-3FD0-8C35-179C4DD6D58E} = {861173F8-C34F-3FD0-8C35-179C4DD6D58E}
		{24372E6E-55E7-36A5-B948-ECFF4023D116} = {24372E6E-55E7-36A5-B948-ECFF4023D116}
	EndProjectSection
EndProject
Project("{8BC9CEB8-8B4A-11D0-8D11-00A0C91BC942}") = "fax2ps", "tools\fax2ps.vcxproj", "{88605838-1846-3A05-A3D9-F43530663742}"
	ProjectSection(ProjectDependencies) = postProject
		{7D67D2B9-00D0-32B4-85A4-83090F799572} = {7D67D2B9-00D0-32B4-85A4-83090F799572}
		{861173F8-C34F-3FD0-8C35-179C4DD6D58E} = {861173F8-C34F-3FD0-8C35-179C4DD6D58E}
		{24372E6E-55E7-36A5-B948-ECFF4023D116} = {24372E6E-55E7-36A5-B948-ECFF4023D116}
	EndProjectSection
EndProject
Project("{8BC9CEB8-8B4A-11D0-8D11-00A0C91BC942}") = "fax2tiff", "tools\fax2tiff.vcxproj", "{40E73568-BEAD-335C-BC4F-4807CBE56FF7}"
	ProjectSection(ProjectDependencies) = postProject
		{7D67D2B9-00D0-32B4-85A4-83090F799572} = {7D67D2B9-00D0-32B4-85A4-83090F799572}
		{861173F8-C34F-3FD0-8C35-179C4DD6D58E} = {861173F8-C34F-3FD0-8C35-179C4DD6D58E}
		{24372E6E-55E7-36A5-B948-ECFF4023D116} = {24372E6E-55E7-36A5-B948-ECFF4023D116}
	EndProjectSection
EndProject
Project("{8BC9CEB8-8B4A-11D0-8D11-00A0C91BC942}") = "htmldoc", "html\man\htmldoc.vcxproj", "{A2A48360-5DC7-3023-82FA-4D52136A23DC}"
	ProjectSection(ProjectDependencies) = postProject
		{7D67D2B9-00D0-32B4-85A4-83090F799572} = {7D67D2B9-00D0-32B4-85A4-83090F799572}
	EndProjectSection
EndProject
Project("{8BC9CEB8-8B4A-11D0-8D11-00A0C91BC942}") = "iptcutil", "contrib\iptcutil\iptcutil.vcxproj", "{203E0AEB-703C-39B3-9725-A85575AF9ADE}"
	ProjectSection(ProjectDependencies) = postProject
		{7D67D2B9-00D0-32B4-85A4-83090F799572} = {7D67D2B9-00D0-32B4-85A4-83090F799572}
		{861173F8-C34F-3FD0-8C35-179C4DD6D58E} = {861173F8-C34F-3FD0-8C35-179C4DD6D58E}
		{24372E6E-55E7-36A5-B948-ECFF4023D116} = {24372E6E-55E7-36A5-B948-ECFF4023D116}
	EndProjectSection
EndProject
Project("{8BC9CEB8-8B4A-11D0-8D11-00A0C91BC942}") = "long_tag", "test\long_tag.vcxproj", "{A0876E83-0D2C-3151-B978-898A1C182AF8}"
	ProjectSection(ProjectDependencies) = postProject
		{7D67D2B9-00D0-32B4-85A4-83090F799572} = {7D67D2B9-00D0-32B4-85A4-83090F799572}
		{861173F8-C34F-3FD0-8C35-179C4DD6D58E} = {861173F8-C34F-3FD0-8C35-179C4DD6D58E}
		{24372E6E-55E7-36A5-B948-ECFF4023D116} = {24372E6E-55E7-36A5-B948-ECFF4023D116}
	EndProjectSection
EndProject
Project("{8BC9CEB8-8B4A-11D0-8D11-00A0C91BC942}") = "pal2rgb", "tools\pal2rgb.vcxproj", "{313ED39D-3728-3E57-9802-6644DF77C728}"
	ProjectSection(ProjectDependencies) = postProject
		{7D67D2B9-00D0-32B4-85A4-83090F799572} = {7D67D2B9-00D0-32B4-85A4-83090F799572}
		{861173F8-C34F-3FD0-8C35-179C4DD6D58E} = {861173F8-C34F-3FD0-8C35-179C4DD6D58E}
		{24372E6E-55E7-36A5-B948-ECFF4023D116} = {24372E6E-55E7-36A5-B948-ECFF4023D116}
	EndProjectSection
EndProject
Project("{8BC9CEB8-8B4A-11D0-8D11-00A0C91BC942}") = "port", "port\port.vcxproj", "{861173F8-C34F-3FD0-8C35-179C4DD6D58E}"
	ProjectSection(ProjectDependencies) = postProject
		{7D67D2B9-00D0-32B4-85A4-83090F799572} = {7D67D2B9-00D0-32B4-85A4-83090F799572}
	EndProjectSection
EndProject
Project("{8BC9CEB8-8B4A-11D0-8D11-00A0C91BC942}") = "ppm2tiff", "tools\ppm2tiff.vcxproj", "{FA632B86-7F82-3E0B-A590-E962E7C4C339}"
	ProjectSection(ProjectDependencies) = postProject
		{7D67D2B9-00D0-32B4-85A4-83090F799572} = {7D67D2B9-00D0-32B4-85A4-83090F799572}
		{861173F8-C34F-3FD0-8C35-179C4DD6D58E} = {861173F8-C34F-3FD0-8C35-179C4DD6D58E}
		{24372E6E-55E7-36A5-B948-ECFF4023D116} = {24372E6E-55E7-36A5-B948-ECFF4023D116}
	EndProjectSection
EndProject
Project("{8BC9CEB8-8B4A-11D0-8D11-00A0C91BC942}") = "raw2tiff", "tools\raw2tiff.vcxproj", "{2416FA6C-EF49-3C9B-8F78-32B92E99E921}"
	ProjectSection(ProjectDependencies) = postProject
		{7D67D2B9-00D0-32B4-85A4-83090F799572} = {7D67D2B9-00D0-32B4-85A4-83090F799572}
		{861173F8-C34F-3FD0-8C35-179C4DD6D58E} = {861173F8-C34F-3FD0-8C35-179C4DD6D58E}
		{24372E6E-55E7-36A5-B948-ECFF4023D116} = {24372E6E-55E7-36A5-B948-ECFF4023D116}
	EndProjectSection
EndProject
Project("{8BC9CEB8-8B4A-11D0-8D11-00A0C91BC942}") = "rewrite", "test\rewrite.vcxproj", "{71F7D6A4-18B0-30D4-9F59-D941877A64E6}"
	ProjectSection(ProjectDependencies) = postProject
		{7D67D2B9-00D0-32B4-85A4-83090F799572} = {7D67D2B9-00D0-32B4-85A4-83090F799572}
		{861173F8-C34F-3FD0-8C35-179C4DD6D58E} = {861173F8-C34F-3FD0-8C35-179C4DD6D58E}
		{24372E6E-55E7-36A5-B948-ECFF4023D116} = {24372E6E-55E7-36A5-B948-ECFF4023D116}
	EndProjectSection
EndProject
Project("{8BC9CEB8-8B4A-11D0-8D11-00A0C91BC942}") = "rgb2ycbcr", "tools\rgb2ycbcr.vcxproj", "{5E39A5D8-0FA9-3575-81FC-C075524C79EE}"
	ProjectSection(ProjectDependencies) = postProject
		{7D67D2B9-00D0-32B4-85A4-83090F799572} = {7D67D2B9-00D0-32B4-85A4-83090F799572}
		{861173F8-C34F-3FD0-8C35-179C4DD6D58E} = {861173F8-C34F-3FD0-8C35-179C4DD6D58E}
		{24372E6E-55E7-36A5-B948-ECFF4023D116} = {24372E6E-55E7-36A5-B948-ECFF4023D116}
	EndProjectSection
EndProject
Project("{8BC9CEB8-8B4A-11D0-8D11-00A0C91BC942}") = "short_tag", "test\short_tag.vcxproj", "{B71625E6-FB52-33F7-8065-D400ECF1E246}"
	ProjectSection(ProjectDependencies) = postProject
		{7D67D2B9-00D0-32B4-85A4-83090F799572} = {7D67D2B9-00D0-32B4-85A4-83090F799572}
		{861173F8-C34F-3FD0-8C35-179C4DD6D58E} = {861173F8-C34F-3FD0-8C35-179C4DD6D58E}
		{24372E6E-55E7-36A5-B948-ECFF4023D116} = {24372E6E-55E7-36A5-B948-ECFF4023D116}
	EndProjectSection
EndProject
Project("{8BC9CEB8-8B4A-11D0-8D11-00A0C91BC942}") = "strip_rw", "test\strip_rw.vcxproj", "{86B24D85-A4FD-385F-B68E-296097E86D0A}"
	ProjectSection(ProjectDependencies) = postProject
		{7D67D2B9-00D0-32B4-85A4-83090F799572} = {7D67D2B9-00D0-32B4-85A4-83090F799572}
		{861173F8-C34F-3FD0-8C35-179C4DD6D58E} = {861173F8-C34F-3FD0-8C35-179C4DD6D58E}
		{24372E6E-55E7-36A5-B948-ECFF4023D116} = {24372E6E-55E7-36A5-B948-ECFF4023D116}
	EndProjectSection
EndProject
Project("{8BC9CEB8-8B4A-11D0-8D11-00A0C91BC942}") = "thumbnail", "tools\thumbnail.vcxproj", "{ED3DE6A1-0579-3DEE-9043-9065E9CF66A7}"
	ProjectSection(ProjectDependencies) = postProject
		{7D67D2B9-00D0-32B4-85A4-83090F799572} = {7D67D2B9-00D0-32B4-85A4-83090F799572}
		{861173F8-C34F-3FD0-8C35-179C4DD6D58E} = {861173F8-C34F-3FD0-8C35-179C4DD6D58E}
		{24372E6E-55E7-36A5-B948-ECFF4023D116} = {24372E6E-55E7-36A5-B948-ECFF4023D116}
	EndProjectSection
EndProject
Project("{8BC9CEB8-8B4A-11D0-8D11-00A0C91BC942}") = "tiff", "libtiff\tiff.vcxproj", "{24372E6E-55E7-36A5-B948-ECFF4023D116}"
	ProjectSection(ProjectDependencies) = postProject
		{7D67D2B9-00D0-32B4-85A4-83090F799572} = {7D67D2B9-00D0-32B4-85A4-83090F799572}
	EndProjectSection
EndProject
Project("{8BC9CEB8-8B4A-11D0-8D11-00A0C91BC942}") = "tiff-bi", "contrib\dbs\tiff-bi.vcxproj", "{7E240944-B520-3BD5-9C72-69A770B36A82}"
	ProjectSection(ProjectDependencies) = postProject
		{7D67D2B9-00D0-32B4-85A4-83090F799572} = {7D67D2B9-00D0-32B4-85A4-83090F799572}
		{861173F8-C34F-3FD0-8C35-179C4DD6D58E} = {861173F8-C34F-3FD0-8C35-179C4DD6D58E}
		{24372E6E-55E7-36A5-B948-ECFF4023D116} = {24372E6E-55E7-36A5-B948-ECFF4023D116}
	EndProjectSection
EndProject
Project("{8BC9CEB8-8B4A-11D0-8D11-00A0C91BC942}") = "tiff-grayscale", "contrib\dbs\tiff-grayscale.vcxproj", "{00BEE7E1-6FEC-3461-85FD-89E18A65808C}"
	ProjectSection(ProjectDependencies) = postProject
		{7D67D2B9-00D0-32B4-85A4-83090F799572} = {7D67D2B9-00D0-32B4-85A4-83090F799572}
		{861173F8-C34F-3FD0-8C35-179C4DD6D58E} = {861173F8-C34F-3FD0-8C35-179C4DD6D58E}
		{24372E6E-55E7-36A5-B948-ECFF4023D116} = {24372E6E-55E7-36A5-B948-ECFF4023D116}
	EndProjectSection
EndProject
Project("{8BC9CEB8-8B4A-11D0-8D11-00A0C91BC942}") = "tiff-palette", "contrib\dbs\tiff-palette.vcxproj", "{4AE0A087-6DEB-32FB-AB80-3BD856B4CE44}"
	ProjectSection(ProjectDependencies) = postProject
		{7D67D2B9-00D0-32B4-85A4-83090F799572} = {7D67D2B9-00D0-32B4-85A4-83090F799572}
		{861173F8-C34F-3FD0-8C35-179C4DD6D58E} = {861173F8-C34F-3FD0-8C35-179C4DD6D58E}
		{24372E6E-55E7-36A5-B948-ECFF4023D116} = {24372E6E-55E7-36A5-B948-ECFF4023D116}
	EndProjectSection
EndProject
Project("{8BC9CEB8-8B4A-11D0-8D11-00A0C91BC942}") = "tiff-rgb", "contrib\dbs\tiff-rgb.vcxproj", "{658B0BB1-30FF-30D9-96AB-1760266930DA}"
	ProjectSection(ProjectDependencies) = postProject
		{7D67D2B9-00D0-32B4-85A4-83090F799572} = {7D67D2B9-00D0-32B4-85A4-83090F799572}
		{861173F8-C34F-3FD0-8C35-179C4DD6D58E} = {861173F8-C34F-3FD0-8C35-179C4DD6D58E}
		{24372E6E-55E7-36A5-B948-ECFF4023D116} = {24372E6E-55E7-36A5-B948-ECFF4023D116}
	EndProjectSection
EndProject
Project("{8BC9CEB8-8B4A-11D0-8D11-00A0C91BC942}") = "tiff2bw", "tools\tiff2bw.vcxproj", "{D7FEEC76-CBD5-3985-AF6A-D02FCE8A04E7}"
	ProjectSection(ProjectDependencies) = postProject
		{7D67D2B9-00D0-32B4-85A4-83090F799572} = {7D67D2B9-00D0-32B4-85A4-83090F799572}
		{861173F8-C34F-3FD0-8C35-179C4DD6D58E} = {861173F8-C34F-3FD0-8C35-179C4DD6D58E}
		{24372E6E-55E7-36A5-B948-ECFF4023D116} = {24372E6E-55E7-36A5-B948-ECFF4023D116}
	EndProjectSection
EndProject
Project("{8BC9CEB8-8B4A-11D0-8D11-00A0C91BC942}") = "tiff2pdf", "tools\tiff2pdf.vcxproj", "{6CD777A3-3DEF-37B8-8F93-918B8D72FB36}"
	ProjectSection(ProjectDependencies) = postProject
		{7D67D2B9-00D0-32B4-85A4-83090F799572} = {7D67D2B9-00D0-32B4-85A4-83090F799572}
		{861173F8-C34F-3FD0-8C35-179C4DD6D58E} = {861173F8-C34F-3FD0-8C35-179C4DD6D58E}
		{24372E6E-55E7-36A5-B948-ECFF4023D116} = {24372E6E-55E7-36A5-B948-ECFF4023D116}
	EndProjectSection
EndProject
Project("{8BC9CEB8-8B4A-11D0-8D11-00A0C91BC942}") = "tiff2ps", "tools\tiff2ps.vcxproj", "{59AD873D-883E-3571-9DD9-A105CA56764E}"
	ProjectSection(ProjectDependencies) = postProject
		{7D67D2B9-00D0-32B4-85A4-83090F799572} = {7D67D2B9-00D0-32B4-85A4-83090F799572}
		{861173F8-C34F-3FD0-8C35-179C4DD6D58E} = {861173F8-C34F-3FD0-8C35-179C4DD6D58E}
		{24372E6E-55E7-36A5-B948-ECFF4023D116} = {24372E6E-55E7-36A5-B948-ECFF4023D116}
	EndProjectSection
EndProject
Project("{8BC9CEB8-8B4A-11D0-8D11-00A0C91BC942}") = "tiff2rgba", "tools\tiff2rgba.vcxproj", "{AF0FAF6B-A8AF-3FCB-B14E-FF0C4C4E0012}"
	ProjectSection(ProjectDependencies) = postProject
		{7D67D2B9-00D0-32B4-85A4-83090F799572} = {7D67D2B9-00D0-32B4-85A4-83090F799572}
		{861173F8-C34F-3FD0-8C35-179C4DD6D58E} = {861173F8-C34F-3FD0-8C35-179C4DD6D58E}
		{24372E6E-55E7-36A5-B948-ECFF4023D116} = {24372E6E-55E7-36A5-B948-ECFF4023D116}
	EndProjectSection
EndProject
Project("{8BC9CEB8-8B4A-11D0-8D11-00A0C91BC942}") = "tiffcmp", "tools\tiffcmp.vcxproj", "{66A81AD9-5686-3BD5-ADA6-3FAA5AA2777C}"
	ProjectSection(ProjectDependencies) = postProject
		{7D67D2B9-00D0-32B4-85A4-83090F799572} = {7D67D2B9-00D0-32B4-85A4-83090F799572}
		{861173F8-C34F-3FD0-8C35-179C4DD6D58E} = {861173F8-C34F-3FD0-8C35-179C4DD6D58E}
		{24372E6E-55E7-36A5-B948-ECFF4023D116} = {24372E6E-55E7-36A5-B948-ECFF4023D116}
	EndProjectSection
EndProject
Project("{8BC9CEB8-8B4A-11D0-8D11-00A0C91BC942}") = "tiffcp", "tools\tiffcp.vcxproj", "{0248FB86-2271-314A-811C-1B4392FA67FC}"
	ProjectSection(ProjectDependencies) = postProject
		{7D67D2B9-00D0-32B4-85A4-83090F799572} = {7D67D2B9-00D0-32B4-85A4-83090F799572}
		{861173F8-C34F-3FD0-8C35-179C4DD6D58E} = {861173F8-C34F-3FD0-8C35-179C4DD6D58E}
		{24372E6E-55E7-36A5-B948-ECFF4023D116} = {24372E6E-55E7-36A5-B948-ECFF4023D116}
	EndProjectSection
EndProject
Project("{8BC9CEB8-8B4A-11D0-8D11-00A0C91BC942}") = "tiffcrop", "tools\tiffcrop.vcxproj", "{DC117879-2A4C-3FBF-8751-F076AD97CDD0}"
	ProjectSection(ProjectDependencies) = postProject
		{7D67D2B9-00D0-32B4-85A4-83090F799572} = {7D67D2B9-00D0-32B4-85A4-83090F799572}
		{861173F8-C34F-3FD0-8C35-179C4DD6D58E} = {861173F8-C34F-3FD0-8C35-179C4DD6D58E}
		{24372E6E-55E7-36A5-B948-ECFF4023D116} = {24372E6E-55E7-36A5-B948-ECFF4023D116}
	EndProjectSection
EndProject
Project("{8BC9CEB8-8B4A-11D0-8D11-00A0C91BC942}") = "tiffdither", "tools\tiffdither.vcxproj", "{AE00B9ED-7E2D-3DC6-AF7A-DDFB14F67430}"
	ProjectSection(ProjectDependencies) = postProject
		{7D67D2B9-00D0-32B4-85A4-83090F799572} = {7D67D2B9-00D0-32B4-85A4-83090F799572}
		{861173F8-C34F-3FD0-8C35-179C4DD6D58E} = {861173F8-C34F-3FD0-8C35-179C4DD6D58E}
		{24372E6E-55E7-36A5-B948-ECFF4023D116} = {24372E6E-55E7-36A5-B948-ECFF4023D116}
	EndProjectSection
EndProject
Project("{8BC9CEB8-8B4A-11D0-8D11-00A0C91BC942}") = "tiffdump", "tools\tiffdump.vcxproj", "{1677F876-0A2B-3269-BF24-D202E93B669D}"
	ProjectSection(ProjectDependencies) = postProject
		{7D67D2B9-00D0-32B4-85A4-83090F799572} = {7D67D2B9-00D0-32B4-85A4-83090F799572}
		{861173F8-C34F-3FD0-8C35-179C4DD6D58E} = {861173F8-C34F-3FD0-8C35-179C4DD6D58E}
		{24372E6E-55E7-36A5-B948-ECFF4023D116} = {24372E6E-55E7-36A5-B948-ECFF4023D116}
	EndProjectSection
EndProject
Project("{8BC9CEB8-8B4A-11D0-8D11-00A0C91BC942}") = "tiffinfo", "tools\tiffinfo.vcxproj", "{CC61CC18-CD3E-3706-868A-C241598FEC55}"
	ProjectSection(ProjectDependencies) = postProject
		{7D67D2B9-00D0-32B4-85A4-83090F799572} = {7D67D2B9-00D0-32B4-85A4-83090F799572}
		{861173F8-C34F-3FD0-8C35-179C4DD6D58E} = {861173F8-C34F-3FD0-8C35-179C4DD6D58E}
		{24372E6E-55E7-36A5-B948-ECFF4023D116} = {24372E6E-55E7-36A5-B948-ECFF4023D116}
	EndProjectSection
EndProject
Project("{8BC9CEB8-8B4A-11D0-8D11-00A0C91BC942}") = "tiffmedian", "tools\tiffmedian.vcxproj", "{2B715ADB-77E7-339F-ABDD-B539A966D5B9}"
	ProjectSection(ProjectDependencies) = postProject
		{7D67D2B9-00D0-32B4-85A4-83090F799572} = {7D67D2B9-00D0-32B4-85A4-83090F799572}
		{861173F8-C34F-3FD0-8C35-179C4DD6D58E} = {861173F8-C34F-3FD0-8C35-179C4DD6D58E}
		{24372E6E-55E7-36A5-B948-ECFF4023D116} = {24372E6E-55E7-36A5-B948-ECFF4023D116}
	EndProjectSection
EndProject
Project("{8BC9CEB8-8B4A-11D0-8D11-00A0C91BC942}") = "tiffset", "tools\tiffset.vcxproj", "{658C9856-1EA4-3D32-BE18-F458918B6DE2}"
	ProjectSection(ProjectDependencies) = postProject
		{7D67D2B9-00D0-32B4-85A4-83090F799572} = {7D67D2B9-00D0-32B4-85A4-83090F799572}
		{861173F8-C34F-3FD0-8C35-179C4DD6D58E} = {861173F8-C34F-3FD0-8C35-179C4DD6D58E}
		{24372E6E-55E7-36A5-B948-ECFF4023D116} = {24372E6E-55E7-36A5-B948-ECFF4023D116}
	EndProjectSection
EndProject
Project("{8BC9CEB8-8B4A-11D0-8D11-00A0C91BC942}") = "tiffsplit", "tools\tiffsplit.vcxproj", "{07FFE2A3-FD63-3975-BD80-3268E5722A58}"
	ProjectSection(ProjectDependencies) = postProject
		{7D67D2B9-00D0-32B4-85A4-83090F799572} = {7D67D2B9-00D0-32B4-85A4-83090F799572}
		{861173F8-C34F-3FD0-8C35-179C4DD6D58E} = {861173F8-C34F-3FD0-8C35-179C4DD6D58E}
		{24372E6E-55E7-36A5-B948-ECFF4023D116} = {24372E6E-55E7-36A5-B948-ECFF4023D116}
	EndProjectSection
EndProject
Project("{8BC9CEB8-8B4A-11D0-8D11-00A0C91BC942}") = "tiffxx", "libtiff\tiffxx.vcxproj", "{7096949D-458E-3671-AD90-F964673A5DD4}"
	ProjectSection(ProjectDependencies) = postProject
		{7D67D2B9-00D0-32B4-85A4-83090F799572} = {7D67D2B9-00D0-32B4-85A4-83090F799572}
		{24372E6E-55E7-36A5-B948-ECFF4023D116} = {24372E6E-55E7-36A5-B948-ECFF4023D116}
	EndProjectSection
EndProject
Global
	GlobalSection(SolutionConfigurationPlatforms) = preSolution
		Debug|Win32 = Debug|Win32
		Release|Win32 = Release|Win32
		MinSizeRel|Win32 = MinSizeRel|Win32
		RelWithDebInfo|Win32 = RelWithDebInfo|Win32
	EndGlobalSection
	GlobalSection(ProjectConfigurationPlatforms) = postSolution
		{C522667E-6926-3B3F-A6FF-72FD3B1E5640}.Debug|Win32.ActiveCfg = Debug|Win32
		{C522667E-6926-3B3F-A6FF-72FD3B1E5640}.Debug|Win32.Build.0 = Debug|Win32
		{C522667E-6926-3B3F-A6FF-72FD3B1E5640}.Release|Win32.ActiveCfg = Release|Win32
		{C522667E-6926-3B3F-A6FF-72FD3B1E5640}.Release|Win32.Build.0 = Release|Win32
		{C522667E-6926-3B3F-A6FF-72FD3B1E5640}.MinSizeRel|Win32.ActiveCfg = MinSizeRel|Win32
		{C522667E-6926-3B3F-A6FF-72FD3B1E5640}.MinSizeRel|Win32.Build.0 = MinSizeRel|Win32
		{C522667E-6926-3B3F-A6FF-72FD3B1E5640}.RelWithDebInfo|Win32.ActiveCfg = RelWithDebInfo|Win32
		{C522667E-6926-3B3F-A6FF-72FD3B1E5640}.RelWithDebInfo|Win32.Build.0 = RelWithDebInfo|Win32
		{B431D815-970D-3EF9-A9DE-754A0B205DB8}.Debug|Win32.ActiveCfg = Debug|Win32
		{B431D815-970D-3EF9-A9DE-754A0B205DB8}.Release|Win32.ActiveCfg = Release|Win32
		{B431D815-970D-3EF9-A9DE-754A0B205DB8}.MinSizeRel|Win32.ActiveCfg = MinSizeRel|Win32
		{B431D815-970D-3EF9-A9DE-754A0B205DB8}.RelWithDebInfo|Win32.ActiveCfg = RelWithDebInfo|Win32
		{CA78FF85-A071-3136-A11A-1C7C23157280}.Debug|Win32.ActiveCfg = Debug|Win32
		{CA78FF85-A071-3136-A11A-1C7C23157280}.Release|Win32.ActiveCfg = Release|Win32
		{CA78FF85-A071-3136-A11A-1C7C23157280}.MinSizeRel|Win32.ActiveCfg = MinSizeRel|Win32
		{CA78FF85-A071-3136-A11A-1C7C23157280}.RelWithDebInfo|Win32.ActiveCfg = RelWithDebInfo|Win32
		{7D67D2B9-00D0-32B4-85A4-83090F799572}.Debug|Win32.ActiveCfg = Debug|Win32
		{7D67D2B9-00D0-32B4-85A4-83090F799572}.Debug|Win32.Build.0 = Debug|Win32
		{7D67D2B9-00D0-32B4-85A4-83090F799572}.Release|Win32.ActiveCfg = Release|Win32
		{7D67D2B9-00D0-32B4-85A4-83090F799572}.Release|Win32.Build.0 = Release|Win32
		{7D67D2B9-00D0-32B4-85A4-83090F799572}.MinSizeRel|Win32.ActiveCfg = MinSizeRel|Win32
		{7D67D2B9-00D0-32B4-85A4-83090F799572}.MinSizeRel|Win32.Build.0 = MinSizeRel|Win32
		{7D67D2B9-00D0-32B4-85A4-83090F799572}.RelWithDebInfo|Win32.ActiveCfg = RelWithDebInfo|Win32
		{7D67D2B9-00D0-32B4-85A4-83090F799572}.RelWithDebInfo|Win32.Build.0 = RelWithDebInfo|Win32
		{6C721215-CD84-3E13-B146-F1E4335DA78D}.Debug|Win32.ActiveCfg = Debug|Win32
		{6C721215-CD84-3E13-B146-F1E4335DA78D}.Debug|Win32.Build.0 = Debug|Win32
		{6C721215-CD84-3E13-B146-F1E4335DA78D}.Release|Win32.ActiveCfg = Release|Win32
		{6C721215-CD84-3E13-B146-F1E4335DA78D}.Release|Win32.Build.0 = Release|Win32
		{6C721215-CD84-3E13-B146-F1E4335DA78D}.MinSizeRel|Win32.ActiveCfg = MinSizeRel|Win32
		{6C721215-CD84-3E13-B146-F1E4335DA78D}.MinSizeRel|Win32.Build.0 = MinSizeRel|Win32
		{6C721215-CD84-3E13-B146-F1E4335DA78D}.RelWithDebInfo|Win32.ActiveCfg = RelWithDebInfo|Win32
		{6C721215-CD84-3E13-B146-F1E4335DA78D}.RelWithDebInfo|Win32.Build.0 = RelWithDebInfo|Win32
		{E757E948-817F-30EC-A312-518739C5211D}.Debug|Win32.ActiveCfg = Debug|Win32
		{E757E948-817F-30EC-A312-518739C5211D}.Debug|Win32.Build.0 = Debug|Win32
		{E757E948-817F-30EC-A312-518739C5211D}.Release|Win32.ActiveCfg = Release|Win32
		{E757E948-817F-30EC-A312-518739C5211D}.Release|Win32.Build.0 = Release|Win32
		{E757E948-817F-30EC-A312-518739C5211D}.MinSizeRel|Win32.ActiveCfg = MinSizeRel|Win32
		{E757E948-817F-30EC-A312-518739C5211D}.MinSizeRel|Win32.Build.0 = MinSizeRel|Win32
		{E757E948-817F-30EC-A312-518739C5211D}.RelWithDebInfo|Win32.ActiveCfg = RelWithDebInfo|Win32
		{E757E948-817F-30EC-A312-518739C5211D}.RelWithDebInfo|Win32.Build.0 = RelWithDebInfo|Win32
		{847896DD-5573-384F-AEEE-75FE2FEC16A6}.Debug|Win32.ActiveCfg = Debug|Win32
		{847896DD-5573-384F-AEEE-75FE2FEC16A6}.Debug|Win32.Build.0 = Debug|Win32
		{847896DD-5573-384F-AEEE-75FE2FEC16A6}.Release|Win32.ActiveCfg = Release|Win32
		{847896DD-5573-384F-AEEE-75FE2FEC16A6}.Release|Win32.Build.0 = Release|Win32
		{847896DD-5573-384F-AEEE-75FE2FEC16A6}.MinSizeRel|Win32.ActiveCfg = MinSizeRel|Win32
		{847896DD-5573-384F-AEEE-75FE2FEC16A6}.MinSizeRel|Win32.Build.0 = MinSizeRel|Win32
		{847896DD-5573-384F-AEEE-75FE2FEC16A6}.RelWithDebInfo|Win32.ActiveCfg = RelWithDebInfo|Win32
		{847896DD-5573-384F-AEEE-75FE2FEC16A6}.RelWithDebInfo|Win32.Build.0 = RelWithDebInfo|Win32
		{88605838-1846-3A05-A3D9-F43530663742}.Debug|Win32.ActiveCfg = Debug|Win32
		{88605838-1846-3A05-A3D9-F43530663742}.Debug|Win32.Build.0 = Debug|Win32
		{88605838-1846-3A05-A3D9-F43530663742}.Release|Win32.ActiveCfg = Release|Win32
		{88605838-1846-3A05-A3D9-F43530663742}.Release|Win32.Build.0 = Release|Win32
		{88605838-1846-3A05-A3D9-F43530663742}.MinSizeRel|Win32.ActiveCfg = MinSizeRel|Win32
		{88605838-1846-3A05-A3D9-F43530663742}.MinSizeRel|Win32.Build.0 = MinSizeRel|Win32
		{88605838-1846-3A05-A3D9-F43530663742}.RelWithDebInfo|Win32.ActiveCfg = RelWithDebInfo|Win32
		{88605838-1846-3A05-A3D9-F43530663742}.RelWithDebInfo|Win32.Build.0 = RelWithDebInfo|Win32
		{40E73568-BEAD-335C-BC4F-4807CBE56FF7}.Debug|Win32.ActiveCfg = Debug|Win32
		{40E73568-BEAD-335C-BC4F-4807CBE56FF7}.Debug|Win32.Build.0 = Debug|Win32
		{40E73568-BEAD-335C-BC4F-4807CBE56FF7}.Release|Win32.ActiveCfg = Release|Win32
		{40E73568-BEAD-335C-BC4F-4807CBE56FF7}.Release|Win32.Build.0 = Release|Win32
		{40E73568-BEAD-335C-BC4F-4807CBE56FF7}.MinSizeRel|Win32.ActiveCfg = MinSizeRel|Win32
		{40E73568-BEAD-335C-BC4F-4807CBE56FF7}.MinSizeRel|Win32.Build.0 = MinSizeRel|Win32
		{40E73568-BEAD-335C-BC4F-4807CBE56FF7}.RelWithDebInfo|Win32.ActiveCfg = RelWithDebInfo|Win32
		{40E73568-BEAD-335C-BC4F-4807CBE56FF7}.RelWithDebInfo|Win32.Build.0 = RelWithDebInfo|Win32
		{A2A48360-5DC7-3023-82FA-4D52136A23DC}.Debug|Win32.ActiveCfg = Debug|Win32
		{A2A48360-5DC7-3023-82FA-4D52136A23DC}.Release|Win32.ActiveCfg = Release|Win32
		{A2A48360-5DC7-3023-82FA-4D52136A23DC}.MinSizeRel|Win32.ActiveCfg = MinSizeRel|Win32
		{A2A48360-5DC7-3023-82FA-4D52136A23DC}.RelWithDebInfo|Win32.ActiveCfg = RelWithDebInfo|Win32
		{203E0AEB-703C-39B3-9725-A85575AF9ADE}.Debug|Win32.ActiveCfg = Debug|Win32
		{203E0AEB-703C-39B3-9725-A85575AF9ADE}.Debug|Win32.Build.0 = Debug|Win32
		{203E0AEB-703C-39B3-9725-A85575AF9ADE}.Release|Win32.ActiveCfg = Release|Win32
		{203E0AEB-703C-39B3-9725-A85575AF9ADE}.Release|Win32.Build.0 = Release|Win32
		{203E0AEB-703C-39B3-9725-A85575AF9ADE}.MinSizeRel|Win32.ActiveCfg = MinSizeRel|Win32
		{203E0AEB-703C-39B3-9725-A85575AF9ADE}.MinSizeRel|Win32.Build.0 = MinSizeRel|Win32
		{203E0AEB-703C-39B3-9725-A85575AF9ADE}.RelWithDebInfo|Win32.ActiveCfg = RelWithDebInfo|Win32
		{203E0AEB-703C-39B3-9725-A85575AF9ADE}.RelWithDebInfo|Win32.Build.0 = RelWithDebInfo|Win32
		{A0876E83-0D2C-3151-B978-898A1C182AF8}.Debug|Win32.ActiveCfg = Debug|Win32
		{A0876E83-0D2C-3151-B978-898A1C182AF8}.Debug|Win32.Build.0 = Debug|Win32
		{A0876E83-0D2C-3151-B978-898A1C182AF8}.Release|Win32.ActiveCfg = Release|Win32
		{A0876E83-0D2C-3151-B978-898A1C182AF8}.Release|Win32.Build.0 = Release|Win32
		{A0876E83-0D2C-3151-B978-898A1C182AF8}.MinSizeRel|Win32.ActiveCfg = MinSizeRel|Win32
		{A0876E83-0D2C-3151-B978-898A1C182AF8}.MinSizeRel|Win32.Build.0 = MinSizeRel|Win32
		{A0876E83-0D2C-3151-B978-898A1C182AF8}.RelWithDebInfo|Win32.ActiveCfg = RelWithDebInfo|Win32
		{A0876E83-0D2C-3151-B978-898A1C182AF8}.RelWithDebInfo|Win32.Build.0 = RelWithDebInfo|Win32
		{313ED39D-3728-3E57-9802-6644DF77C728}.Debug|Win32.ActiveCfg = Debug|Win32
		{313ED39D-3728-3E57-9802-6644DF77C728}.Debug|Win32.Build.0 = Debug|Win32
		{313ED39D-3728-3E57-9802-6644DF77C728}.Release|Win32.ActiveCfg = Release|Win32
		{313ED39D-3728-3E57-9802-6644DF77C728}.Release|Win32.Build.0 = Release|Win32
		{313ED39D-3728-3E57-9802-6644DF77C728}.MinSizeRel|Win32.ActiveCfg = MinSizeRel|Win32
		{313ED39D-3728-3E57-9802-6644DF77C728}.MinSizeRel|Win32.Build.0 = MinSizeRel|Win32
		{313ED39D-3728-3E57-9802-6644DF77C728}.RelWithDebInfo|Win32.ActiveCfg = RelWithDebInfo|Win32
		{313ED39D-3728-3E57-9802-6644DF77C728}.RelWithDebInfo|Win32.Build.0 = RelWithDebInfo|Win32
		{861173F8-C34F-3FD0-8C35-179C4DD6D58E}.Debug|Win32.ActiveCfg = Debug|Win32
		{861173F8-C34F-3FD0-8C35-179C4DD6D58E}.Debug|Win32.Build.0 = Debug|Win32
		{861173F8-C34F-3FD0-8C35-179C4DD6D58E}.Release|Win32.ActiveCfg = Release|Win32
		{861173F8-C34F-3FD0-8C35-179C4DD6D58E}.Release|Win32.Build.0 = Release|Win32
		{861173F8-C34F-3FD0-8C35-179C4DD6D58E}.MinSizeRel|Win32.ActiveCfg = MinSizeRel|Win32
		{861173F8-C34F-3FD0-8C35-179C4DD6D58E}.MinSizeRel|Win32.Build.0 = MinSizeRel|Win32
		{861173F8-C34F-3FD0-8C35-179C4DD6D58E}.RelWithDebInfo|Win32.ActiveCfg = RelWithDebInfo|Win32
		{861173F8-C34F-3FD0-8C35-179C4DD6D58E}.RelWithDebInfo|Win32.Build.0 = RelWithDebInfo|Win32
		{FA632B86-7F82-3E0B-A590-E962E7C4C339}.Debug|Win32.ActiveCfg = Debug|Win32
		{FA632B86-7F82-3E0B-A590-E962E7C4C339}.Debug|Win32.Build.0 = Debug|Win32
		{FA632B86-7F82-3E0B-A590-E962E7C4C339}.Release|Win32.ActiveCfg = Release|Win32
		{FA632B86-7F82-3E0B-A590-E962E7C4C339}.Release|Win32.Build.0 = Release|Win32
		{FA632B86-7F82-3E0B-A590-E962E7C4C339}.MinSizeRel|Win32.ActiveCfg = MinSizeRel|Win32
		{FA632B86-7F82-3E0B-A590-E962E7C4C339}.MinSizeRel|Win32.Build.0 = MinSizeRel|Win32
		{FA632B86-7F82-3E0B-A590-E962E7C4C339}.RelWithDebInfo|Win32.ActiveCfg = RelWithDebInfo|Win32
		{FA632B86-7F82-3E0B-A590-E962E7C4C339}.RelWithDebInfo|Win32.Build.0 = RelWithDebInfo|Win32
		{2416FA6C-EF49-3C9B-8F78-32B92E99E921}.Debug|Win32.ActiveCfg = Debug|Win32
		{2416FA6C-EF49-3C9B-8F78-32B92E99E921}.Debug|Win32.Build.0 = Debug|Win32
		{2416FA6C-EF49-3C9B-8F78-32B92E99E921}.Release|Win32.ActiveCfg = Release|Win32
		{2416FA6C-EF49-3C9B-8F78-32B92E99E921}.Release|Win32.Build.0 = Release|Win32
		{2416FA6C-EF49-3C9B-8F78-32B92E99E921}.MinSizeRel|Win32.ActiveCfg = MinSizeRel|Win32
		{2416FA6C-EF49-3C9B-8F78-32B92E99E921}.MinSizeRel|Win32.Build.0 = MinSizeRel|Win32
		{2416FA6C-EF49-3C9B-8F78-32B92E99E921}.RelWithDebInfo|Win32.ActiveCfg = RelWithDebInfo|Win32
		{2416FA6C-EF49-3C9B-8F78-32B92E99E921}.RelWithDebInfo|Win32.Build.0 = RelWithDebInfo|Win32
		{71F7D6A4-18B0-30D4-9F59-D941877A64E6}.Debug|Win32.ActiveCfg = Debug|Win32
		{71F7D6A4-18B0-30D4-9F59-D941877A64E6}.Debug|Win32.Build.0 = Debug|Win32
		{71F7D6A4-18B0-30D4-9F59-D941877A64E6}.Release|Win32.ActiveCfg = Release|Win32
		{71F7D6A4-18B0-30D4-9F59-D941877A64E6}.Release|Win32.Build.0 = Release|Win32
		{71F7D6A4-18B0-30D4-9F59-D941877A64E6}.MinSizeRel|Win32.ActiveCfg = MinSizeRel|Win32
		{71F7D6A4-18B0-30D4-9F59-D941877A64E6}.MinSizeRel|Win32.Build.0 = MinSizeRel|Win32
		{71F7D6A4-18B0-30D4-9F59-D941877A64E6}.RelWithDebInfo|Win32.ActiveCfg = RelWithDebInfo|Win32
		{71F7D6A4-18B0-30D4-9F59-D941877A64E6}.RelWithDebInfo|Win32.Build.0 = RelWithDebInfo|Win32
		{5E39A5D8-0FA9-3575-81FC-C075524C79EE}.Debug|Win32.ActiveCfg = Debug|Win32
		{5E39A5D8-0FA9-3575-81FC-C075524C79EE}.Debug|Win32.Build.0 = Debug|Win32
		{5E39A5D8-0FA9-3575-81FC-C075524C79EE}.Release|Win32.ActiveCfg = Release|Win32
		{5E39A5D8-0FA9-3575-81FC-C075524C79EE}.Release|Win32.Build.0 = Release|Win32
		{5E39A5D8-0FA9-3575-81FC-C075524C79EE}.MinSizeRel|Win32.ActiveCfg = MinSizeRel|Win32
		{5E39A5D8-0FA9-3575-81FC-C075524C79EE}.MinSizeRel|Win32.Build.0 = MinSizeRel|Win32
		{5E39A5D8-0FA9-3575-81FC-C075524C79EE}.RelWithDebInfo|Win32.ActiveCfg = RelWithDebInfo|Win32
		{5E39A5D8-0FA9-3575-81FC-C075524C79EE}.RelWithDebInfo|Win32.Build.0 = RelWithDebInfo|Win32
		{B71625E6-FB52-33F7-8065-D400ECF1E246}.Debug|Win32.ActiveCfg = Debug|Win32
		{B71625E6-FB52-33F7-8065-D400ECF1E246}.Debug|Win32.Build.0 = Debug|Win32
		{B71625E6-FB52-33F7-8065-D400ECF1E246}.Release|Win32.ActiveCfg = Release|Win32
		{B71625E6-FB52-33F7-8065-D400ECF1E246}.Release|Win32.Build.0 = Release|Win32
		{B71625E6-FB52-33F7-8065-D400ECF1E246}.MinSizeRel|Win32.ActiveCfg = MinSizeRel|Win32
		{B71625E6-FB52-33F7-8065-D400ECF1E246}.MinSizeRel|Win32.Build.0 = MinSizeRel|Win32
		{B71625E6-FB52-33F7-8065-D400ECF1E246}.RelWithDebInfo|Win32.ActiveCfg = RelWithDebInfo|Win32
		{B71625E6-FB52-33F7-8065-D400ECF1E246}.RelWithDebInfo|Win32.Build.0 = RelWithDebInfo|Win32
		{86B24D85-A4FD-385F-B68E-296097E86D0A}.Debug|Win32.ActiveCfg = Debug|Win32
		{86B24D85-A4FD-385F-B68E-296097E86D0A}.Debug|Win32.Build.0 = Debug|Win32
		{86B24D85-A4FD-385F-B68E-296097E86D0A}.Release|Win32.ActiveCfg = Release|Win32
		{86B24D85-A4FD-385F-B68E-296097E86D0A}.Release|Win32.Build.0 = Release|Win32
		{86B24D85-A4FD-385F-B68E-296097E86D0A}.MinSizeRel|Win32.ActiveCfg = MinSizeRel|Win32
		{86B24D85-A4FD-385F-B68E-296097E86D0A}.MinSizeRel|Win32.Build.0 = MinSizeRel|Win32
		{86B24D85-A4FD-385F-B68E-296097E86D0A}.RelWithDebInfo|Win32.ActiveCfg = RelWithDebInfo|Win32
		{86B24D85-A4FD-385F-B68E-296097E86D0A}.RelWithDebInfo|Win32.Build.0 = RelWithDebInfo|Win32
		{ED3DE6A1-0579-3DEE-9043-9065E9CF66A7}.Debug|Win32.ActiveCfg = Debug|Win32
		{ED3DE6A1-0579-3DEE-9043-9065E9CF66A7}.Debug|Win32.Build.0 = Debug|Win32
		{ED3DE6A1-0579-3DEE-9043-9065E9CF66A7}.Release|Win32.ActiveCfg = Release|Win32
		{ED3DE6A1-0579-3DEE-9043-9065E9CF66A7}.Release|Win32.Build.0 = Release|Win32
		{ED3DE6A1-0579-3DEE-9043-9065E9CF66A7}.MinSizeRel|Win32.ActiveCfg = MinSizeRel|Win32
		{ED3DE6A1-0579-3DEE-9043-9065E9CF66A7}.MinSizeRel|Win32.Build.0 = MinSizeRel|Win32
		{ED3DE6A1-0579-3DEE-9043-9065E9CF66A7}.RelWithDebInfo|Win32.ActiveCfg = RelWithDebInfo|Win32
		{ED3DE6A1-0579-3DEE-9043-9065E9CF66A7}.RelWithDebInfo|Win32.Build.0 = RelWithDebInfo|Win32
		{24372E6E-55E7-36A5-B948-ECFF4023D116}.Debug|Win32.ActiveCfg = Debug|Win32
		{24372E6E-55E7-36A5-B948-ECFF4023D116}.Debug|Win32.Build.0 = Debug|Win32
		{24372E6E-55E7-36A5-B948-ECFF4023D116}.Release|Win32.ActiveCfg = Release|Win32
		{24372E6E-55E7-36A5-B948-ECFF4023D116}.Release|Win32.Build.0 = Release|Win32
		{24372E6E-55E7-36A5-B948-ECFF4023D116}.MinSizeRel|Win32.ActiveCfg = MinSizeRel|Win32
		{24372E6E-55E7-36A5-B948-ECFF4023D116}.MinSizeRel|Win32.Build.0 = MinSizeRel|Win32
		{24372E6E-55E7-36A5-B948-ECFF4023D116}.RelWithDebInfo|Win32.ActiveCfg = RelWithDebInfo|Win32
		{24372E6E-55E7-36A5-B948-ECFF4023D116}.RelWithDebInfo|Win32.Build.0 = RelWithDebInfo|Win32
		{7E240944-B520-3BD5-9C72-69A770B36A82}.Debug|Win32.ActiveCfg = Debug|Win32
		{7E240944-B520-3BD5-9C72-69A770B36A82}.Debug|Win32.Build.0 = Debug|Win32
		{7E240944-B520-3BD5-9C72-69A770B36A82}.Release|Win32.ActiveCfg = Release|Win32
		{7E240944-B520-3BD5-9C72-69A770B36A82}.Release|Win32.Build.0 = Release|Win32
		{7E240944-B520-3BD5-9C72-69A770B36A82}.MinSizeRel|Win32.ActiveCfg = MinSizeRel|Win32
		{7E240944-B520-3BD5-9C72-69A770B36A82}.MinSizeRel|Win32.Build.0 = MinSizeRel|Win32
		{7E240944-B520-3BD5-9C72-69A770B36A82}.RelWithDebInfo|Win32.ActiveCfg = RelWithDebInfo|Win32
		{7E240944-B520-3BD5-9C72-69A770B36A82}.RelWithDebInfo|Win32.Build.0 = RelWithDebInfo|Win32
		{00BEE7E1-6FEC-3461-85FD-89E18A65808C}.Debug|Win32.ActiveCfg = Debug|Win32
		{00BEE7E1-6FEC-3461-85FD-89E18A65808C}.Debug|Win32.Build.0 = Debug|Win32
		{00BEE7E1-6FEC-3461-85FD-89E18A65808C}.Release|Win32.ActiveCfg = Release|Win32
		{00BEE7E1-6FEC-3461-85FD-89E18A65808C}.Release|Win32.Build.0 = Release|Win32
		{00BEE7E1-6FEC-3461-85FD-89E18A65808C}.MinSizeRel|Win32.ActiveCfg = MinSizeRel|Win32
		{00BEE7E1-6FEC-3461-85FD-89E18A65808C}.MinSizeRel|Win32.Build.0 = MinSizeRel|Win32
		{00BEE7E1-6FEC-3461-85FD-89E18A65808C}.RelWithDebInfo|Win32.ActiveCfg = RelWithDebInfo|Win32
		{00BEE7E1-6FEC-3461-85FD-89E18A65808C}.RelWithDebInfo|Win32.Build.0 = RelWithDebInfo|Win32
		{4AE0A087-6DEB-32FB-AB80-3BD856B4CE44}.Debug|Win32.ActiveCfg = Debug|Win32
		{4AE0A087-6DEB-32FB-AB80-3BD856B4CE44}.Debug|Win32.Build.0 = Debug|Win32
		{4AE0A087-6DEB-32FB-AB80-3BD856B4CE44}.Release|Win32.ActiveCfg = Release|Win32
		{4AE0A087-6DEB-32FB-AB80-3BD856B4CE44}.Release|Win32.Build.0 = Release|Win32
		{4AE0A087-6DEB-32FB-AB80-3BD856B4CE44}.MinSizeRel|Win32.ActiveCfg = MinSizeRel|Win32
		{4AE0A087-6DEB-32FB-AB80-3BD856B4CE44}.MinSizeRel|Win32.Build.0 = MinSizeRel|Win32
		{4AE0A087-6DEB-32FB-AB80-3BD856B4CE44}.RelWithDebInfo|Win32.ActiveCfg = RelWithDebInfo|Win32
		{4AE0A087-6DEB-32FB-AB80-3BD856B4CE44}.RelWithDebInfo|Win32.Build.0 = RelWithDebInfo|Win32
		{658B0BB1-30FF-30D9-96AB-1760266930DA}.Debug|Win32.ActiveCfg = Debug|Win32
		{658B0BB1-30FF-30D9-96AB-1760266930DA}.Debug|Win32.Build.0 = Debug|Win32
		{658B0BB1-30FF-30D9-96AB-1760266930DA}.Release|Win32.ActiveCfg = Release|Win32
		{658B0BB1-30FF-30D9-96AB-1760266930DA}.Release|Win32.Build.0 = Release|Win32
		{658B0BB1-30FF-30D9-96AB-1760266930DA}.MinSizeRel|Win32.ActiveCfg = MinSizeRel|Win32
		{658B0BB1-30FF-30D9-96AB-1760266930DA}.MinSizeRel|Win32.Build.0 = MinSizeRel|Win32
		{658B0BB1-30FF-30D9-96AB-1760266930DA}.RelWithDebInfo|Win32.ActiveCfg = RelWithDebInfo|Win32
		{658B0BB1-30FF-30D9-96AB-1760266930DA}.RelWithDebInfo|Win32.Build.0 = RelWithDebInfo|Win32
		{D7FEEC76-CBD5-3985-AF6A-D02FCE8A04E7}.Debug|Win32.ActiveCfg = Debug|Win32
		{D7FEEC76-CBD5-3985-AF6A-D02FCE8A04E7}.Debug|Win32.Build.0 = Debug|Win32
		{D7FEEC76-CBD5-3985-AF6A-D02FCE8A04E7}.Release|Win32.ActiveCfg = Release|Win32
		{D7FEEC76-CBD5-3985-AF6A-D02FCE8A04E7}.Release|Win32.Build.0 = Release|Win32
		{D7FEEC76-CBD5-3985-AF6A-D02FCE8A04E7}.MinSizeRel|Win32.ActiveCfg = MinSizeRel|Win32
		{D7FEEC76-CBD5-3985-AF6A-D02FCE8A04E7}.MinSizeRel|Win32.Build.0 = MinSizeRel|Win32
		{D7FEEC76-CBD5-3985-AF6A-D02FCE8A04E7}.RelWithDebInfo|Win32.ActiveCfg = RelWithDebInfo|Win32
		{D7FEEC76-CBD5-3985-AF6A-D02FCE8A04E7}.RelWithDebInfo|Win32.Build.0 = RelWithDebInfo|Win32
		{6CD777A3-3DEF-37B8-8F93-918B8D72FB36}.Debug|Win32.ActiveCfg = Debug|Win32
		{6CD777A3-3DEF-37B8-8F93-918B8D72FB36}.Debug|Win32.Build.0 = Debug|Win32
		{6CD777A3-3DEF-37B8-8F93-918B8D72FB36}.Release|Win32.ActiveCfg = Release|Win32
		{6CD777A3-3DEF-37B8-8F93-918B8D72FB36}.Release|Win32.Build.0 = Release|Win32
		{6CD777A3-3DEF-37B8-8F93-918B8D72FB36}.MinSizeRel|Win32.ActiveCfg = MinSizeRel|Win32
		{6CD777A3-3DEF-37B8-8F93-918B8D72FB36}.MinSizeRel|Win32.Build.0 = MinSizeRel|Win32
		{6CD777A3-3DEF-37B8-8F93-918B8D72FB36}.RelWithDebInfo|Win32.ActiveCfg = RelWithDebInfo|Win32
		{6CD777A3-3DEF-37B8-8F93-918B8D72FB36}.RelWithDebInfo|Win32.Build.0 = RelWithDebInfo|Win32
		{59AD873D-883E-3571-9DD9-A105CA56764E}.Debug|Win32.ActiveCfg = Debug|Win32
		{59AD873D-883E-3571-9DD9-A105CA56764E}.Debug|Win32.Build.0 = Debug|Win32
		{59AD873D-883E-3571-9DD9-A105CA56764E}.Release|Win32.ActiveCfg = Release|Win32
		{59AD873D-883E-3571-9DD9-A105CA56764E}.Release|Win32.Build.0 = Release|Win32
		{59AD873D-883E-3571-9DD9-A105CA56764E}.MinSizeRel|Win32.ActiveCfg = MinSizeRel|Win32
		{59AD873D-883E-3571-9DD9-A105CA56764E}.MinSizeRel|Win32.Build.0 = MinSizeRel|Win32
		{59AD873D-883E-3571-9DD9-A105CA56764E}.RelWithDebInfo|Win32.ActiveCfg = RelWithDebInfo|Win32
		{59AD873D-883E-3571-9DD9-A105CA56764E}.RelWithDebInfo|Win32.Build.0 = RelWithDebInfo|Win32
		{AF0FAF6B-A8AF-3FCB-B14E-FF0C4C4E0012}.Debug|Win32.ActiveCfg = Debug|Win32
		{AF0FAF6B-A8AF-3FCB-B14E-FF0C4C4E0012}.Debug|Win32.Build.0 = Debug|Win32
		{AF0FAF6B-A8AF-3FCB-B14E-FF0C4C4E0012}.Release|Win32.ActiveCfg = Release|Win32
		{AF0FAF6B-A8AF-3FCB-B14E-FF0C4C4E0012}.Release|Win32.Build.0 = Release|Win32
		{AF0FAF6B-A8AF-3FCB-B14E-FF0C4C4E0012}.MinSizeRel|Win32.ActiveCfg = MinSizeRel|Win32
		{AF0FAF6B-A8AF-3FCB-B14E-FF0C4C4E0012}.MinSizeRel|Win32.Build.0 = MinSizeRel|Win32
		{AF0FAF6B-A8AF-3FCB-B14E-FF0C4C4E0012}.RelWithDebInfo|Win32.ActiveCfg = RelWithDebInfo|Win32
		{AF0FAF6B-A8AF-3FCB-B14E-FF0C4C4E0012}.RelWithDebInfo|Win32.Build.0 = RelWithDebInfo|Win32
		{66A81AD9-5686-3BD5-ADA6-3FAA5AA2777C}.Debug|Win32.ActiveCfg = Debug|Win32
		{66A81AD9-5686-3BD5-ADA6-3FAA5AA2777C}.Debug|Win32.Build.0 = Debug|Win32
		{66A81AD9-5686-3BD5-ADA6-3FAA5AA2777C}.Release|Win32.ActiveCfg = Release|Win32
		{66A81AD9-5686-3BD5-ADA6-3FAA5AA2777C}.Release|Win32.Build.0 = Release|Win32
		{66A81AD9-5686-3BD5-ADA6-3FAA5AA2777C}.MinSizeRel|Win32.ActiveCfg = MinSizeRel|Win32
		{66A81AD9-5686-3BD5-ADA6-3FAA5AA2777C}.MinSizeRel|Win32.Build.0 = MinSizeRel|Win32
		{66A81AD9-5686-3BD5-ADA6-3FAA5AA2777C}.RelWithDebInfo|Win32.ActiveCfg = RelWithDebInfo|Win32
		{66A81AD9-5686-3BD5-ADA6-3FAA5AA2777C}.RelWithDebInfo|Win32.Build.0 = RelWithDebInfo|Win32
		{0248FB86-2271-314A-811C-1B4392FA67FC}.Debug|Win32.ActiveCfg = Debug|Win32
		{0248FB86-2271-314A-811C-1B4392FA67FC}.Debug|Win32.Build.0 = Debug|Win32
		{0248FB86-2271-314A-811C-1B4392FA67FC}.Release|Win32.ActiveCfg = Release|Win32
		{0248FB86-2271-314A-811C-1B4392FA67FC}.Release|Win32.Build.0 = Release|Win32
		{0248FB86-2271-314A-811C-1B4392FA67FC}.MinSizeRel|Win32.ActiveCfg = MinSizeRel|Win32
		{0248FB86-2271-314A-811C-1B4392FA67FC}.MinSizeRel|Win32.Build.0 = MinSizeRel|Win32
		{0248FB86-2271-314A-811C-1B4392FA67FC}.RelWithDebInfo|Win32.ActiveCfg = RelWithDebInfo|Win32
		{0248FB86-2271-314A-811C-1B4392FA67FC}.RelWithDebInfo|Win32.Build.0 = RelWithDebInfo|Win32
		{DC117879-2A4C-3FBF-8751-F076AD97CDD0}.Debug|Win32.ActiveCfg = Debug|Win32
		{DC117879-2A4C-3FBF-8751-F076AD97CDD0}.Debug|Win32.Build.0 = Debug|Win32
		{DC117879-2A4C-3FBF-8751-F076AD97CDD0}.Release|Win32.ActiveCfg = Release|Win32
		{DC117879-2A4C-3FBF-8751-F076AD97CDD0}.Release|Win32.Build.0 = Release|Win32
		{DC117879-2A4C-3FBF-8751-F076AD97CDD0}.MinSizeRel|Win32.ActiveCfg = MinSizeRel|Win32
		{DC117879-2A4C-3FBF-8751-F076AD97CDD0}.MinSizeRel|Win32.Build.0 = MinSizeRel|Win32
		{DC117879-2A4C-3FBF-8751-F076AD97CDD0}.RelWithDebInfo|Win32.ActiveCfg = RelWithDebInfo|Win32
		{DC117879-2A4C-3FBF-8751-F076AD97CDD0}.RelWithDebInfo|Win32.Build.0 = RelWithDebInfo|Win32
		{AE00B9ED-7E2D-3DC6-AF7A-DDFB14F67430}.Debug|Win32.ActiveCfg = Debug|Win32
		{AE00B9ED-7E2D-3DC6-AF7A-DDFB14F67430}.Debug|Win32.Build.0 = Debug|Win32
		{AE00B9ED-7E2D-3DC6-AF7A-DDFB14F67430}.Release|Win32.ActiveCfg = Release|Win32
		{AE00B9ED-7E2D-3DC6-AF7A-DDFB14F67430}.Release|Win32.Build.0 = Release|Win32
		{AE00B9ED-7E2D-3DC6-AF7A-DDFB14F67430}.MinSizeRel|Win32.ActiveCfg = MinSizeRel|Win32
		{AE00B9ED-7E2D-3DC6-AF7A-DDFB14F67430}.MinSizeRel|Win32.Build.0 = MinSizeRel|Win32
		{AE00B9ED-7E2D-3DC6-AF7A-DDFB14F67430}.RelWithDebInfo|Win32.ActiveCfg = RelWithDebInfo|Win32
		{AE00B9ED-7E2D-3DC6-AF7A-DDFB14F67430}.RelWithDebInfo|Win32.Build.0 = RelWithDebInfo|Win32
		{1677F876-0A2B-3269-BF24-D202E93B669D}.Debug|Win32.ActiveCfg = Debug|Win32
		{1677F876-0A2B-3269-BF24-D202E93B669D}.Debug|Win32.Build.0 = Debug|Win32
		{1677F876-0A2B-3269-BF24-D202E93B669D}.Release|Win32.ActiveCfg = Release|Win32
		{1677F876-0A2B-3269-BF24-D202E93B669D}.Release|Win32.Build.0 = Release|Win32
		{1677F876-0A2B-3269-BF24-D202E93B669D}.MinSizeRel|Win32.ActiveCfg = MinSizeRel|Win32
		{1677F876-0A2B-3269-BF24-D202E93B669D}.MinSizeRel|Win32.Build.0 = MinSizeRel|Win32
		{1677F876-0A2B-3269-BF24-D202E93B669D}.RelWithDebInfo|Win32.ActiveCfg = RelWithDebInfo|Win32
		{1677F876-0A2B-3269-BF24-D202E93B669D}.RelWithDebInfo|Win32.Build.0 = RelWithDebInfo|Win32
		{CC61CC18-CD3E-3706-868A-C241598FEC55}.Debug|Win32.ActiveCfg = Debug|Win32
		{CC61CC18-CD3E-3706-868A-C241598FEC55}.Debug|Win32.Build.0 = Debug|Win32
		{CC61CC18-CD3E-3706-868A-C241598FEC55}.Release|Win32.ActiveCfg = Release|Win32
		{CC61CC18-CD3E-3706-868A-C241598FEC55}.Release|Win32.Build.0 = Release|Win32
		{CC61CC18-CD3E-3706-868A-C241598FEC55}.MinSizeRel|Win32.ActiveCfg = MinSizeRel|Win32
		{CC61CC18-CD3E-3706-868A-C241598FEC55}.MinSizeRel|Win32.Build.0 = MinSizeRel|Win32
		{CC61CC18-CD3E-3706-868A-C241598FEC55}.RelWithDebInfo|Win32.ActiveCfg = RelWithDebInfo|Win32
		{CC61CC18-CD3E-3706-868A-C241598FEC55}.RelWithDebInfo|Win32.Build.0 = RelWithDebInfo|Win32
		{2B715ADB-77E7-339F-ABDD-B539A966D5B9}.Debug|Win32.ActiveCfg = Debug|Win32
		{2B715ADB-77E7-339F-ABDD-B539A966D5B9}.Debug|Win32.Build.0 = Debug|Win32
		{2B715ADB-77E7-339F-ABDD-B539A966D5B9}.Release|Win32.ActiveCfg = Release|Win32
		{2B715ADB-77E7-339F-ABDD-B539A966D5B9}.Release|Win32.Build.0 = Release|Win32
		{2B715ADB-77E7-339F-ABDD-B539A966D5B9}.MinSizeRel|Win32.ActiveCfg = MinSizeRel|Win32
		{2B715ADB-77E7-339F-ABDD-B539A966D5B9}.MinSizeRel|Win32.Build.0 = MinSizeRel|Win32
		{2B715ADB-77E7-339F-ABDD-B539A966D5B9}.RelWithDebInfo|Win32.ActiveCfg = RelWithDebInfo|Win32
		{2B715ADB-77E7-339F-ABDD-B539A966D5B9}.RelWithDebInfo|Win32.Build.0 = RelWithDebInfo|Win32
		{658C9856-1EA4-3D32-BE18-F458918B6DE2}.Debug|Win32.ActiveCfg = Debug|Win32
		{658C9856-1EA4-3D32-BE18-F458918B6DE2}.Debug|Win32.Build.0 = Debug|Win32
		{658C9856-1EA4-3D32-BE18-F458918B6DE2}.Release|Win32.ActiveCfg = Release|Win32
		{658C9856-1EA4-3D32-BE18-F458918B6DE2}.Release|Win32.Build.0 = Release|Win32
		{658C9856-1EA4-3D32-BE18-F458918B6DE2}.MinSizeRel|Win32.ActiveCfg = MinSizeRel|Win32
		{658C9856-1EA4-3D32-BE18-F458918B6DE2}.MinSizeRel|Win32.Build.0 = MinSizeRel|Win32
		{658C9856-1EA4-3D32-BE18-F458918B6DE2}.RelWithDebInfo|Win32.ActiveCfg = RelWithDebInfo|Win32
		{658C9856-1EA4-3D32-BE18-F458918B6DE2}.RelWithDebInfo|Win32.Build.0 = RelWithDebInfo|Win32
		{07FFE2A3-FD63-3975-BD80-3268E5722A58}.Debug|Win32.ActiveCfg = Debug|Win32
		{07FFE2A3-FD63-3975-BD80-3268E5722A58}.Debug|Win32.Build.0 = Debug|Win32
		{07FFE2A3-FD63-3975-BD80-3268E5722A58}.Release|Win32.ActiveCfg = Release|Win32
		{07FFE2A3-FD63-3975-BD80-3268E5722A58}.Release|Win32.Build.0 = Release|Win32
		{07FFE2A3-FD63-3975-BD80-3268E5722A58}.MinSizeRel|Win32.ActiveCfg = MinSizeRel|Win32
		{07FFE2A3-FD63-3975-BD80-3268E5722A58}.MinSizeRel|Win32.Build.0 = MinSizeRel|Win32
		{07FFE2A3-FD63-3975-BD80-3268E5722A58}.RelWithDebInfo|Win32.ActiveCfg = RelWithDebInfo|Win32
		{07FFE2A3-FD63-3975-BD80-3268E5722A58}.RelWithDebInfo|Win32.Build.0 = RelWithDebInfo|Win32
		{7096949D-458E-3671-AD90-F964673A5DD4}.Debug|Win32.ActiveCfg = Debug|Win32
		{7096949D-458E-3671-AD90-F964673A5DD4}.Debug|Win32.Build.0 = Debug|Win32
		{7096949D-458E-3671-AD90-F964673A5DD4}.Release|Win32.ActiveCfg = Release|Win32
		{7096949D-458E-3671-AD90-F964673A5DD4}.Release|Win32.Build.0 = Release|Win32
		{7096949D-458E-3671-AD90-F964673A5DD4}.MinSizeRel|Win32.ActiveCfg = MinSizeRel|Win32
		{7096949D-458E-3671-AD90-F964673A5DD4}.MinSizeRel|Win32.Build.0 = MinSizeRel|Win32
		{7096949D-458E-3671-AD90-F964673A5DD4}.RelWithDebInfo|Win32.ActiveCfg = RelWithDebInfo|Win32
		{7096949D-458E-3671-AD90-F964673A5DD4}.RelWithDebInfo|Win32.Build.0 = RelWithDebInfo|Win32
	EndGlobalSection
	GlobalSection(ExtensibilityGlobals) = postSolution
		SolutionGuid = {45790757-ECF1-3A59-BF99-AE06A8B91A8B}
	EndGlobalSection
	GlobalSection(ExtensibilityAddIns) = postSolution
	EndGlobalSection
EndGlobal
